<?xml version="1.0" encoding="utf-8"?>
<Project ToolsVersion="4.0" xmlns="http://schemas.microsoft.com/developer/msbuild/2003">
  <ItemGroup>
    <Filter Include="private">
      <UniqueIdentifier>{20B7D4C2-8C96-535E-95AE-DE34010DBABF}</UniqueIdentifier>
    </Filter>
    <Filter Include="private\core">
      <UniqueIdentifier>{98DB8ED5-843E-1E7A-2DC4-56301906EAFC}</UniqueIdentifier>
    </Filter>
    <Filter Include="private\core\game base">
      <UniqueIdentifier>{1C5EBBF2-0858-E444-F1C4-7A55DD5D4AB1}</UniqueIdentifier>
    </Filter>
    <Filter Include="private\graphics">
      <UniqueIdentifier>{801F93E3-6C18-B235-954A-97BA81A29141}</UniqueIdentifier>
    </Filter>
    <Filter Include="private\input">
      <UniqueIdentifier>{3F4FD687-AB0F-52BE-744A-9B3BE0C9969A}</UniqueIdentifier>
    </Filter>
    <Filter Include="private\network">
      <UniqueIdentifier>{B951D542-25DD-4207-2EEE-C5FB9AF89E07}</UniqueIdentifier>
    </Filter>
    <Filter Include="public">
      <UniqueIdentifier>{A4949D15-9036-C8EB-79F1-DB3F65324F3C}</UniqueIdentifier>
    </Filter>
    <Filter Include="public\core">
      <UniqueIdentifier>{9CCB52DD-0881-CBD2-9175-C5A9FD29C2D6}</UniqueIdentifier>
    </Filter>
    <Filter Include="public\core\game base">
      <UniqueIdentifier>{20239EC9-8C8F-59C4-5583-F121C1AE7B2C}</UniqueIdentifier>
    </Filter>
    <Filter Include="public\graphics">
      <UniqueIdentifier>{8471170C-F0FC-84D0-F90D-08C56518E1D0}</UniqueIdentifier>
    </Filter>
    <Filter Include="public\input">
      <UniqueIdentifier>{C33F1888-AFA2-A72C-5828-E0E2446A73AF}</UniqueIdentifier>
    </Filter>
    <Filter Include="public\network">
      <UniqueIdentifier>{3D73555B-2941-4961-12D5-B987FE4125C6}</UniqueIdentifier>
    </Filter>
  </ItemGroup>
  <ItemGroup>
    <ClInclude Include="src\public\core\Delegates.h">
      <Filter>public\core</Filter>
    </ClInclude>
    <ClInclude Include="src\public\core\Engine.h">
      <Filter>public\core</Filter>
    </ClInclude>
    <ClInclude Include="src\public\core\game base\Controller.h">
      <Filter>public\core\game base</Filter>
    </ClInclude>
    <ClInclude Include="src\public\core\game base\Entity.h">
      <Filter>public\core\game base</Filter>
    </ClInclude>
    <ClInclude Include="src\public\core\game base\GameInstance.h">
      <Filter>public\core\game base</Filter>
    </ClInclude>
    <ClInclude Include="src\public\core\game base\GameMode.h">
      <Filter>public\core\game base</Filter>
    </ClInclude>
    <ClInclude Include="src\public\core\game base\World.h">
      <Filter>public\core\game base</Filter>
    </ClInclude>
    <ClInclude Include="src\public\graphics\Renderer.h">
      <Filter>public\graphics</Filter>
    </ClInclude>
    <ClInclude Include="src\public\graphics\Window.h">
      <Filter>public\graphics</Filter>
    </ClInclude>
    <ClInclude Include="src\public\input\EventHandler.h">
      <Filter>public\input</Filter>
    </ClInclude>
    <ClInclude Include="src\public\network\Client.h">
      <Filter>public\network</Filter>
    </ClInclude>
    <ClInclude Include="src\public\network\NetBase.h">
      <Filter>public\network</Filter>
    </ClInclude>
    <ClInclude Include="src\public\network\NetworkSettings.h">
      <Filter>public\network</Filter>
    </ClInclude>
    <ClInclude Include="src\public\network\Server.h">
      <Filter>public\network</Filter>
    </ClInclude>
  </ItemGroup>
  <ItemGroup>
    <ClCompile Include="src\private\core\Engine.cpp">
      <Filter>private\core</Filter>
    </ClCompile>
    <ClCompile Include="src\private\core\game base\Controller.cpp">
      <Filter>private\core\game base</Filter>
    </ClCompile>
    <ClCompile Include="src\private\core\game base\Entity.cpp">
      <Filter>private\core\game base</Filter>
    </ClCompile>
    <ClCompile Include="src\private\core\game base\GameInstance.cpp">
      <Filter>private\core\game base</Filter>
    </ClCompile>
    <ClCompile Include="src\private\core\game base\GameMode.cpp">
      <Filter>private\core\game base</Filter>
    </ClCompile>
    <ClCompile Include="src\private\core\game base\World.cpp">
      <Filter>private\core\game base</Filter>
    </ClCompile>
    <ClCompile Include="src\private\graphics\Renderer.cpp">
      <Filter>private\graphics</Filter>
    </ClCompile>
    <ClCompile Include="src\private\graphics\Window.cpp">
      <Filter>private\graphics</Filter>
    </ClCompile>
    <ClCompile Include="src\private\input\EventHandler.cpp">
      <Filter>private\input</Filter>
    </ClCompile>
    <ClCompile Include="src\private\network\Client.cpp">
      <Filter>private\network</Filter>
    </ClCompile>
    <ClCompile Include="src\private\network\NetBase.cpp">
      <Filter>private\network</Filter>
    </ClCompile>
    <ClCompile Include="src\private\network\Server.cpp">
      <Filter>private\network</Filter>
    </ClCompile>
  </ItemGroup>
</Project>