<?xml version="1.0" encoding="utf-8"?>
<Project ToolsVersion="4.0" xmlns="http://schemas.microsoft.com/developer/msbuild/2003">
  <ItemGroup>
    <Filter Include="private">
      <UniqueIdentifier>{20B7D4C2-8C96-535E-95AE-DE34010DBABF}</UniqueIdentifier>
    </Filter>
    <Filter Include="public">
      <UniqueIdentifier>{A4949D15-9036-C8EB-79F1-DB3F65324F3C}</UniqueIdentifier>
    </Filter>
  </ItemGroup>
  <ItemGroup>
    <ClInclude Include="src\public\CGameInstance.h">
      <Filter>public</Filter>
    </ClInclude>
    <ClInclude Include="src\public\CGameMode.h">
      <Filter>public</Filter>
    </ClInclude>
    <ClInclude Include="src\public\CPlayerController.h">
      <Filter>public</Filter>
    </ClInclude>
  </ItemGroup>
  <ItemGroup>
    <ClCompile Include="src\private\CGameInstance.cpp">
      <Filter>private</Filter>
    </ClCompile>
    <ClCompile Include="src\private\CGameMode.cpp">
      <Filter>private</Filter>
    </ClCompile>
    <ClCompile Include="src\private\CPlayerController.cpp">
      <Filter>private</Filter>
    </ClCompile>
    <ClCompile Include="src\private\main.cpp">
      <Filter>private</Filter>
    </ClCompile>
  </ItemGroup>
</Project>